
Microsoft Visual Studio Solution File, Format Version 12.00
# Visual Studio 15
VisualStudioVersion = 15.0.27130.2010
MinimumVisualStudioVersion = 10.0.40219.1
Project("{9A19103F-16F7-4668-BE54-9A1E7A4F7556}") = "Ecclesial.Calendar", "Ecclesial.Calendar\Ecclesial.Calendar.csproj", "{E1091288-2766-47A3-AFA8-6300D7644A48}"
EndProject
Project("{9A19103F-16F7-4668-BE54-9A1E7A4F7556}") = "Ecclesial.Calendar.DAL", "Ecclesial.Calendar.DAL\Ecclesial.Calendar.DAL.csproj", "{8BC18E30-85D5-4DCD-93A2-5808F4967057}"
EndProject
Project("{9A19103F-16F7-4668-BE54-9A1E7A4F7556}") = "Fosol.Core", "fosol.core\Fosol.Core.csproj", "{154C2DFD-AA6F-456E-AC47-93FBE8104C41}"
EndProject
Project("{9A19103F-16F7-4668-BE54-9A1E7A4F7556}") = "Fosol.Data", "fosol.data\Fosol.Data.csproj", "{6130E348-1258-47DA-B71F-658D6B81F585}"
EndProject
Global
	GlobalSection(SolutionConfigurationPlatforms) = preSolution
		Debug|Any CPU = Debug|Any CPU
		Release|Any CPU = Release|Any CPU
		Testing|Any CPU = Testing|Any CPU
	EndGlobalSection
	GlobalSection(ProjectConfigurationPlatforms) = postSolution
		{E1091288-2766-47A3-AFA8-6300D7644A48}.Debug|Any CPU.ActiveCfg = Debug|Any CPU
		{E1091288-2766-47A3-AFA8-6300D7644A48}.Debug|Any CPU.Build.0 = Debug|Any CPU
		{E1091288-2766-47A3-AFA8-6300D7644A48}.Release|Any CPU.ActiveCfg = Release|Any CPU
		{E1091288-2766-47A3-AFA8-6300D7644A48}.Release|Any CPU.Build.0 = Release|Any CPU
		{E1091288-2766-47A3-AFA8-6300D7644A48}.Testing|Any CPU.ActiveCfg = Testing|Any CPU
		{E1091288-2766-47A3-AFA8-6300D7644A48}.Testing|Any CPU.Build.0 = Testing|Any CPU
		{8BC18E30-85D5-4DCD-93A2-5808F4967057}.Debug|Any CPU.ActiveCfg = Debug|Any CPU
		{8BC18E30-85D5-4DCD-93A2-5808F4967057}.Debug|Any CPU.Build.0 = Debug|Any CPU
		{8BC18E30-85D5-4DCD-93A2-5808F4967057}.Release|Any CPU.ActiveCfg = Release|Any CPU
		{8BC18E30-85D5-4DCD-93A2-5808F4967057}.Release|Any CPU.Build.0 = Release|Any CPU
		{8BC18E30-85D5-4DCD-93A2-5808F4967057}.Testing|Any CPU.ActiveCfg = Testing|Any CPU
		{8BC18E30-85D5-4DCD-93A2-5808F4967057}.Testing|Any CPU.Build.0 = Testing|Any CPU
		{154C2DFD-AA6F-456E-AC47-93FBE8104C41}.Debug|Any CPU.ActiveCfg = Debug|Any CPU
		{154C2DFD-AA6F-456E-AC47-93FBE8104C41}.Debug|Any CPU.Build.0 = Debug|Any CPU
		{154C2DFD-AA6F-456E-AC47-93FBE8104C41}.Release|Any CPU.ActiveCfg = Release|Any CPU
		{154C2DFD-AA6F-456E-AC47-93FBE8104C41}.Release|Any CPU.Build.0 = Release|Any CPU
		{154C2DFD-AA6F-456E-AC47-93FBE8104C41}.Testing|Any CPU.ActiveCfg = Testing|Any CPU
		{154C2DFD-AA6F-456E-AC47-93FBE8104C41}.Testing|Any CPU.Build.0 = Testing|Any CPU
		{6130E348-1258-47DA-B71F-658D6B81F585}.Debug|Any CPU.ActiveCfg = Debug|Any CPU
		{6130E348-1258-47DA-B71F-658D6B81F585}.Debug|Any CPU.Build.0 = Debug|Any CPU
		{6130E348-1258-47DA-B71F-658D6B81F585}.Release|Any CPU.ActiveCfg = Release|Any CPU
		{6130E348-1258-47DA-B71F-658D6B81F585}.Release|Any CPU.Build.0 = Release|Any CPU
		{6130E348-1258-47DA-B71F-658D6B81F585}.Testing|Any CPU.ActiveCfg = Testing|Any CPU
		{6130E348-1258-47DA-B71F-658D6B81F585}.Testing|Any CPU.Build.0 = Testing|Any CPU
	EndGlobalSection
	GlobalSection(SolutionProperties) = preSolution
		HideSolutionNode = FALSE
	EndGlobalSection
	GlobalSection(ExtensibilityGlobals) = postSolution
		SolutionGuid = {2BD584F8-9E71-4C90-8615-B9A2F80FD34E}
	EndGlobalSection
EndGlobal
